
Microsoft Visual Studio Solution File, Format Version 12.00
# Visual Studio Version 16
VisualStudioVersion = 16.0.809.7
MinimumVisualStudioVersion = 10.0.40219.1
Project("{FAE04EC0-301F-11D3-BF4B-00C04F79EFBC}") = "Claims_Client_Api", "Claims_Client_Api\Claims_Client_Api.csproj", "{8F4C141B-EB03-4153-9219-EFFD044E6F16}"
EndProject
Global
	GlobalSection(SolutionConfigurationPlatforms) = preSolution
		Debug|Any CPU = Debug|Any CPU
		Release|Any CPU = Release|Any CPU
	EndGlobalSection
	GlobalSection(ProjectConfigurationPlatforms) = postSolution
		{8F4C141B-EB03-4153-9219-EFFD044E6F16}.Debug|Any CPU.ActiveCfg = Debug|Any CPU
		{8F4C141B-EB03-4153-9219-EFFD044E6F16}.Debug|Any CPU.Build.0 = Debug|Any CPU
		{8F4C141B-EB03-4153-9219-EFFD044E6F16}.Release|Any CPU.ActiveCfg = Release|Any CPU
		{8F4C141B-EB03-4153-9219-EFFD044E6F16}.Release|Any CPU.Build.0 = Release|Any CPU
	EndGlobalSection
	GlobalSection(SolutionProperties) = preSolution
		HideSolutionNode = FALSE
	EndGlobalSection
	GlobalSection(ExtensibilityGlobals) = postSolution
		SolutionGuid = {753D874F-6ED6-4725-BEC5-D827B4049D6D}
	EndGlobalSection
EndGlobal
